
Microsoft Visual Studio Solution File, Format Version 12.00
# Visual Studio 15
VisualStudioVersion = 15.0.28010.2016
MinimumVisualStudioVersion = 10.0.40219.1
Project("{8BC9CEB8-8B4A-11D0-8D11-00A0C91BC942}") = "DLL_FileBasic", "DLL_FileBasic\DLL_FileBasic.vcxproj", "{5B5EF20C-9289-4E78-A8AF-2D30E44CF4F1}"
	ProjectSection(ProjectDependencies) = postProject
		{5D21B8F0-3824-4D15-9911-1E51F2416BC2} = {5D21B8F0-3824-4D15-9911-1E51F2416BC2}
	EndProjectSection
EndProject
Project("{8BC9CEB8-8B4A-11D0-8D11-00A0C91BC942}") = "LIB_FileBasic", "LIB_FileBasic\LIB_FileBasic.vcxproj", "{5D21B8F0-3824-4D15-9911-1E51F2416BC2}"
EndProject
Project("{8BC9CEB8-8B4A-11D0-8D11-00A0C91BC942}") = "EXE_FileBasic", "EXE_FileBasic\EXE_FileBasic.vcxproj", "{042BF22B-7728-486B-B8C9-D5B91733C46D}"
	ProjectSection(ProjectDependencies) = postProject
		{5D21B8F0-3824-4D15-9911-1E51F2416BC2} = {5D21B8F0-3824-4D15-9911-1E51F2416BC2}
	EndProjectSection
EndProject
Global
	GlobalSection(SolutionConfigurationPlatforms) = preSolution
		Debug|x64 = Debug|x64
		Debug|x86 = Debug|x86
		Release|x64 = Release|x64
		Release|x86 = Release|x86
	EndGlobalSection
	GlobalSection(ProjectConfigurationPlatforms) = postSolution
		{5B5EF20C-9289-4E78-A8AF-2D30E44CF4F1}.Debug|x64.ActiveCfg = Debug|x64
		{5B5EF20C-9289-4E78-A8AF-2D30E44CF4F1}.Debug|x64.Build.0 = Debug|x64
		{5B5EF20C-9289-4E78-A8AF-2D30E44CF4F1}.Debug|x86.ActiveCfg = Debug|Win32
		{5B5EF20C-9289-4E78-A8AF-2D30E44CF4F1}.Debug|x86.Build.0 = Debug|Win32
		{5B5EF20C-9289-4E78-A8AF-2D30E44CF4F1}.Release|x64.ActiveCfg = Release|x64
		{5B5EF20C-9289-4E78-A8AF-2D30E44CF4F1}.Release|x64.Build.0 = Release|x64
		{5B5EF20C-9289-4E78-A8AF-2D30E44CF4F1}.Release|x86.ActiveCfg = Release|Win32
		{5B5EF20C-9289-4E78-A8AF-2D30E44CF4F1}.Release|x86.Build.0 = Release|Win32
		{5D21B8F0-3824-4D15-9911-1E51F2416BC2}.Debug|x64.ActiveCfg = Debug|x64
		{5D21B8F0-3824-4D15-9911-1E51F2416BC2}.Debug|x64.Build.0 = Debug|x64
		{5D21B8F0-3824-4D15-9911-1E51F2416BC2}.Debug|x86.ActiveCfg = Debug|Win32
		{5D21B8F0-3824-4D15-9911-1E51F2416BC2}.Debug|x86.Build.0 = Debug|Win32
		{5D21B8F0-3824-4D15-9911-1E51F2416BC2}.Release|x64.ActiveCfg = Release|x64
		{5D21B8F0-3824-4D15-9911-1E51F2416BC2}.Release|x64.Build.0 = Release|x64
		{5D21B8F0-3824-4D15-9911-1E51F2416BC2}.Release|x86.ActiveCfg = Release|Win32
		{5D21B8F0-3824-4D15-9911-1E51F2416BC2}.Release|x86.Build.0 = Release|Win32
		{042BF22B-7728-486B-B8C9-D5B91733C46D}.Debug|x64.ActiveCfg = Debug|x64
		{042BF22B-7728-486B-B8C9-D5B91733C46D}.Debug|x64.Build.0 = Debug|x64
		{042BF22B-7728-486B-B8C9-D5B91733C46D}.Debug|x86.ActiveCfg = Debug|Win32
		{042BF22B-7728-486B-B8C9-D5B91733C46D}.Debug|x86.Build.0 = Debug|Win32
		{042BF22B-7728-486B-B8C9-D5B91733C46D}.Release|x64.ActiveCfg = Release|x64
		{042BF22B-7728-486B-B8C9-D5B91733C46D}.Release|x64.Build.0 = Release|x64
		{042BF22B-7728-486B-B8C9-D5B91733C46D}.Release|x86.ActiveCfg = Release|Win32
		{042BF22B-7728-486B-B8C9-D5B91733C46D}.Release|x86.Build.0 = Release|Win32
	EndGlobalSection
	GlobalSection(SolutionProperties) = preSolution
		HideSolutionNode = FALSE
	EndGlobalSection
	GlobalSection(ExtensibilityGlobals) = postSolution
		SolutionGuid = {70315CD4-89E4-4849-9F5C-9DF4BC6F9009}
	EndGlobalSection
EndGlobal
