
Microsoft Visual Studio Solution File, Format Version 12.00
Project("{FAE04EC0-301F-11D3-BF4B-00C04F79EFBC}") = "ClickJack", "ClickJack\ClickJack.csproj", "{02FAF312-BF2A-466B-8AD2-1339A31C303B}"
EndProject
Global
	GlobalSection(SolutionConfigurationPlatforms) = preSolution
		Debug|Any CPU = Debug|Any CPU
		Release|Any CPU = Release|Any CPU
	EndGlobalSection
	GlobalSection(ProjectConfigurationPlatforms) = postSolution
		{02FAF312-BF2A-466B-8AD2-1339A31C303B}.Debug|Any CPU.ActiveCfg = Debug|Any CPU
		{02FAF312-BF2A-466B-8AD2-1339A31C303B}.Debug|Any CPU.Build.0 = Debug|Any CPU
		{02FAF312-BF2A-466B-8AD2-1339A31C303B}.Release|Any CPU.ActiveCfg = Release|Any CPU
		{02FAF312-BF2A-466B-8AD2-1339A31C303B}.Release|Any CPU.Build.0 = Release|Any CPU
	EndGlobalSection
EndGlobal
